
Microsoft Visual Studio Solution File, Format Version 12.00
# Visual Studio Version 16
VisualStudioVersion = 16.0.29728.190
MinimumVisualStudioVersion = 10.0.40219.1
Project("{888888A0-9F3D-457C-B088-3A5042F75D52}") = "PythonLearn", "PythonLearn\PythonLearn.pyproj", "{9226884A-F289-4B12-A72D-9EF655181C37}"
EndProject
Global
	GlobalSection(SolutionConfigurationPlatforms) = preSolution
		Debug|Any CPU = Debug|Any CPU
		Release|Any CPU = Release|Any CPU
	EndGlobalSection
	GlobalSection(ProjectConfigurationPlatforms) = postSolution
		{9226884A-F289-4B12-A72D-9EF655181C37}.Debug|Any CPU.ActiveCfg = Debug|Any CPU
		{9226884A-F289-4B12-A72D-9EF655181C37}.Release|Any CPU.ActiveCfg = Release|Any CPU
	EndGlobalSection
	GlobalSection(SolutionProperties) = preSolution
		HideSolutionNode = FALSE
	EndGlobalSection
	GlobalSection(ExtensibilityGlobals) = postSolution
		SolutionGuid = {B1E7D049-8AF9-407E-91AD-E995B0056E38}
	EndGlobalSection
EndGlobal
